
Microsoft Visual Studio Solution File, Format Version 12.00
# Visual Studio for Mac
Project("{FAE04EC0-301F-11D3-BF4B-00C04F79EFBC}") = "Assembly-CSharp", "Assembly-CSharp.csproj", "{1EA89657-DBCA-15C6-ACF0-56F0EF509917}"
EndProject
Project("{FAE04EC0-301F-11D3-BF4B-00C04F79EFBC}") = "Assembly-CSharp-Editor", "Assembly-CSharp-Editor.csproj", "{DCE4EC32-1FA9-4D37-22A1-EA30CB6E7BDF}"
EndProject
Global
	GlobalSection(SolutionConfigurationPlatforms) = preSolution
		Debug|Any CPU = Debug|Any CPU
		Release|Any CPU = Release|Any CPU
	EndGlobalSection
	GlobalSection(ProjectConfigurationPlatforms) = postSolution
		{1EA89657-DBCA-15C6-ACF0-56F0EF509917}.Debug|Any CPU.ActiveCfg = Debug|Any CPU
		{1EA89657-DBCA-15C6-ACF0-56F0EF509917}.Debug|Any CPU.Build.0 = Debug|Any CPU
		{1EA89657-DBCA-15C6-ACF0-56F0EF509917}.Release|Any CPU.ActiveCfg = Release|Any CPU
		{1EA89657-DBCA-15C6-ACF0-56F0EF509917}.Release|Any CPU.Build.0 = Release|Any CPU
		{DCE4EC32-1FA9-4D37-22A1-EA30CB6E7BDF}.Debug|Any CPU.ActiveCfg = Debug|Any CPU
		{DCE4EC32-1FA9-4D37-22A1-EA30CB6E7BDF}.Debug|Any CPU.Build.0 = Debug|Any CPU
		{DCE4EC32-1FA9-4D37-22A1-EA30CB6E7BDF}.Release|Any CPU.ActiveCfg = Release|Any CPU
		{DCE4EC32-1FA9-4D37-22A1-EA30CB6E7BDF}.Release|Any CPU.Build.0 = Release|Any CPU
	EndGlobalSection
	GlobalSection(SolutionProperties) = preSolution
		HideSolutionNode = FALSE
	EndGlobalSection
EndGlobal
